
Microsoft Visual Studio Solution File, Format Version 12.00
# Visual Studio Version 16
VisualStudioVersion = 16.0.31005.135
MinimumVisualStudioVersion = 10.0.40219.1
Project("{9A19103F-16F7-4668-BE54-9A1E7A4F7556}") = "CrossLink", "CrossLink\CrossLink.csproj", "{97E47600-C1EA-44FD-83D1-6CAA3EDA1FDC}"
EndProject
Project("{9A19103F-16F7-4668-BE54-9A1E7A4F7556}") = "Sandbox", "Sandbox\Sandbox.csproj", "{6F290DD5-85AF-4688-8DC4-DB36A52D7FB0}"
EndProject
Project("{9A19103F-16F7-4668-BE54-9A1E7A4F7556}") = "CrossLinkGenerator", "CrossLinkGenerator\CrossLinkGenerator.csproj", "{909217A2-86B4-40F0-BBA1-9B5CF620A140}"
EndProject
Project("{9A19103F-16F7-4668-BE54-9A1E7A4F7556}") = "ConsoleApp1", "ConsoleApp1\ConsoleApp1.csproj", "{60C4A672-95F6-4BF9-8956-F666BCF77048}"
EndProject
Project("{9A19103F-16F7-4668-BE54-9A1E7A4F7556}") = "Benchmark", "Benchmark\Benchmark.csproj", "{1BCD3383-F622-4D9B-A153-9F66A22D6E25}"
EndProject
Project("{2150E333-8FDC-42A3-9474-1A3956D46DE8}") = "Solution Items", "Solution Items", "{8DFF3FE9-40E0-438C-A1F2-5BE470201664}"
	ProjectSection(SolutionItems) = preProject
		.editorconfig = .editorconfig
	EndProjectSection
EndProject
Project("{FAE04EC0-301F-11D3-BF4B-00C04F79EFBC}") = "xUnitTest", "xUnitTest\xUnitTest.csproj", "{52EC3309-7F6F-4B27-A709-FF0507E5DFA3}"
EndProject
Global
	GlobalSection(SolutionConfigurationPlatforms) = preSolution
		Debug|Any CPU = Debug|Any CPU
		Release|Any CPU = Release|Any CPU
	EndGlobalSection
	GlobalSection(ProjectConfigurationPlatforms) = postSolution
		{97E47600-C1EA-44FD-83D1-6CAA3EDA1FDC}.Debug|Any CPU.ActiveCfg = Debug|Any CPU
		{97E47600-C1EA-44FD-83D1-6CAA3EDA1FDC}.Debug|Any CPU.Build.0 = Debug|Any CPU
		{97E47600-C1EA-44FD-83D1-6CAA3EDA1FDC}.Release|Any CPU.ActiveCfg = Release|Any CPU
		{97E47600-C1EA-44FD-83D1-6CAA3EDA1FDC}.Release|Any CPU.Build.0 = Release|Any CPU
		{6F290DD5-85AF-4688-8DC4-DB36A52D7FB0}.Debug|Any CPU.ActiveCfg = Debug|Any CPU
		{6F290DD5-85AF-4688-8DC4-DB36A52D7FB0}.Debug|Any CPU.Build.0 = Debug|Any CPU
		{6F290DD5-85AF-4688-8DC4-DB36A52D7FB0}.Release|Any CPU.ActiveCfg = Release|Any CPU
		{6F290DD5-85AF-4688-8DC4-DB36A52D7FB0}.Release|Any CPU.Build.0 = Release|Any CPU
		{909217A2-86B4-40F0-BBA1-9B5CF620A140}.Debug|Any CPU.ActiveCfg = Debug|Any CPU
		{909217A2-86B4-40F0-BBA1-9B5CF620A140}.Debug|Any CPU.Build.0 = Debug|Any CPU
		{909217A2-86B4-40F0-BBA1-9B5CF620A140}.Release|Any CPU.ActiveCfg = Release|Any CPU
		{909217A2-86B4-40F0-BBA1-9B5CF620A140}.Release|Any CPU.Build.0 = Release|Any CPU
		{60C4A672-95F6-4BF9-8956-F666BCF77048}.Debug|Any CPU.ActiveCfg = Debug|Any CPU
		{60C4A672-95F6-4BF9-8956-F666BCF77048}.Debug|Any CPU.Build.0 = Debug|Any CPU
		{60C4A672-95F6-4BF9-8956-F666BCF77048}.Release|Any CPU.ActiveCfg = Release|Any CPU
		{60C4A672-95F6-4BF9-8956-F666BCF77048}.Release|Any CPU.Build.0 = Release|Any CPU
		{1BCD3383-F622-4D9B-A153-9F66A22D6E25}.Debug|Any CPU.ActiveCfg = Debug|Any CPU
		{1BCD3383-F622-4D9B-A153-9F66A22D6E25}.Debug|Any CPU.Build.0 = Debug|Any CPU
		{1BCD3383-F622-4D9B-A153-9F66A22D6E25}.Release|Any CPU.ActiveCfg = Release|Any CPU
		{1BCD3383-F622-4D9B-A153-9F66A22D6E25}.Release|Any CPU.Build.0 = Release|Any CPU
		{52EC3309-7F6F-4B27-A709-FF0507E5DFA3}.Debug|Any CPU.ActiveCfg = Debug|Any CPU
		{52EC3309-7F6F-4B27-A709-FF0507E5DFA3}.Debug|Any CPU.Build.0 = Debug|Any CPU
		{52EC3309-7F6F-4B27-A709-FF0507E5DFA3}.Release|Any CPU.ActiveCfg = Release|Any CPU
		{52EC3309-7F6F-4B27-A709-FF0507E5DFA3}.Release|Any CPU.Build.0 = Release|Any CPU
	EndGlobalSection
	GlobalSection(SolutionProperties) = preSolution
		HideSolutionNode = FALSE
	EndGlobalSection
	GlobalSection(ExtensibilityGlobals) = postSolution
		SolutionGuid = {CADDFEA6-CFF3-4740-89EE-D68AD442B342}
	EndGlobalSection
EndGlobal
