<Solution>
  <Folder Name="/Solution Items/">
    <File Path=".editorconfig" />
  </Folder>
  <Project Path="Benchmark/Benchmark.csproj" />
  <Project Path="Playground/Playground.csproj" />
  <Project Path="QuickStart/QuickStart.csproj" />
  <Project Path="ValueLink/ValueLink.csproj" />
  <Project Path="ValueLinkGenerator/ValueLinkGenerator.csproj" />
  <Project Path="xUnitTest/xUnitTest.csproj" />
</Solution>
