
Microsoft Visual Studio Solution File, Format Version 12.00
# Visual Studio Version 17
VisualStudioVersion = 17.0.31717.71
MinimumVisualStudioVersion = 10.0.40219.1
Project("{9A19103F-16F7-4668-BE54-9A1E7A4F7556}") = "Benchmark", "Benchmark\Benchmark.csproj", "{1BCD3383-F622-4D9B-A153-9F66A22D6E25}"
EndProject
Project("{2150E333-8FDC-42A3-9474-1A3956D46DE8}") = "Solution Items", "Solution Items", "{8DFF3FE9-40E0-438C-A1F2-5BE470201664}"
	ProjectSection(SolutionItems) = preProject
		.editorconfig = .editorconfig
	EndProjectSection
EndProject
Project("{9A19103F-16F7-4668-BE54-9A1E7A4F7556}") = "xUnitTest", "xUnitTest\xUnitTest.csproj", "{52EC3309-7F6F-4B27-A709-FF0507E5DFA3}"
EndProject
Project("{9A19103F-16F7-4668-BE54-9A1E7A4F7556}") = "QuickStart", "QuickStart\QuickStart.csproj", "{EBE8283F-E806-4A70-A15F-BC4B327BA5C2}"
EndProject
Project("{9A19103F-16F7-4668-BE54-9A1E7A4F7556}") = "ValueLink", "ValueLink\ValueLink.csproj", "{879EC870-134B-4264-8522-74374985ACAE}"
EndProject
Project("{9A19103F-16F7-4668-BE54-9A1E7A4F7556}") = "ValueLinkGenerator", "ValueLinkGenerator\ValueLinkGenerator.csproj", "{4863B05F-586B-4396-9425-66DCAEAB2D26}"
EndProject
Project("{FAE04EC0-301F-11D3-BF4B-00C04F79EFBC}") = "Playground", "Playground\Playground.csproj", "{8D5F0FD2-9A46-42B0-A71F-2D088C4AE0F5}"
EndProject
Global
	GlobalSection(SolutionConfigurationPlatforms) = preSolution
		Debug|Any CPU = Debug|Any CPU
		Release|Any CPU = Release|Any CPU
	EndGlobalSection
	GlobalSection(ProjectConfigurationPlatforms) = postSolution
		{1BCD3383-F622-4D9B-A153-9F66A22D6E25}.Debug|Any CPU.ActiveCfg = Debug|Any CPU
		{1BCD3383-F622-4D9B-A153-9F66A22D6E25}.Debug|Any CPU.Build.0 = Debug|Any CPU
		{1BCD3383-F622-4D9B-A153-9F66A22D6E25}.Release|Any CPU.ActiveCfg = Release|Any CPU
		{1BCD3383-F622-4D9B-A153-9F66A22D6E25}.Release|Any CPU.Build.0 = Release|Any CPU
		{52EC3309-7F6F-4B27-A709-FF0507E5DFA3}.Debug|Any CPU.ActiveCfg = Debug|Any CPU
		{52EC3309-7F6F-4B27-A709-FF0507E5DFA3}.Debug|Any CPU.Build.0 = Debug|Any CPU
		{52EC3309-7F6F-4B27-A709-FF0507E5DFA3}.Release|Any CPU.ActiveCfg = Release|Any CPU
		{52EC3309-7F6F-4B27-A709-FF0507E5DFA3}.Release|Any CPU.Build.0 = Release|Any CPU
		{EBE8283F-E806-4A70-A15F-BC4B327BA5C2}.Debug|Any CPU.ActiveCfg = Debug|Any CPU
		{EBE8283F-E806-4A70-A15F-BC4B327BA5C2}.Debug|Any CPU.Build.0 = Debug|Any CPU
		{EBE8283F-E806-4A70-A15F-BC4B327BA5C2}.Release|Any CPU.ActiveCfg = Release|Any CPU
		{EBE8283F-E806-4A70-A15F-BC4B327BA5C2}.Release|Any CPU.Build.0 = Release|Any CPU
		{879EC870-134B-4264-8522-74374985ACAE}.Debug|Any CPU.ActiveCfg = Debug|Any CPU
		{879EC870-134B-4264-8522-74374985ACAE}.Debug|Any CPU.Build.0 = Debug|Any CPU
		{879EC870-134B-4264-8522-74374985ACAE}.Release|Any CPU.ActiveCfg = Release|Any CPU
		{879EC870-134B-4264-8522-74374985ACAE}.Release|Any CPU.Build.0 = Release|Any CPU
		{4863B05F-586B-4396-9425-66DCAEAB2D26}.Debug|Any CPU.ActiveCfg = Debug|Any CPU
		{4863B05F-586B-4396-9425-66DCAEAB2D26}.Debug|Any CPU.Build.0 = Debug|Any CPU
		{4863B05F-586B-4396-9425-66DCAEAB2D26}.Release|Any CPU.ActiveCfg = Release|Any CPU
		{4863B05F-586B-4396-9425-66DCAEAB2D26}.Release|Any CPU.Build.0 = Release|Any CPU
		{8D5F0FD2-9A46-42B0-A71F-2D088C4AE0F5}.Debug|Any CPU.ActiveCfg = Debug|Any CPU
		{8D5F0FD2-9A46-42B0-A71F-2D088C4AE0F5}.Debug|Any CPU.Build.0 = Debug|Any CPU
		{8D5F0FD2-9A46-42B0-A71F-2D088C4AE0F5}.Release|Any CPU.ActiveCfg = Release|Any CPU
		{8D5F0FD2-9A46-42B0-A71F-2D088C4AE0F5}.Release|Any CPU.Build.0 = Release|Any CPU
	EndGlobalSection
	GlobalSection(SolutionProperties) = preSolution
		HideSolutionNode = FALSE
	EndGlobalSection
	GlobalSection(ExtensibilityGlobals) = postSolution
		SolutionGuid = {CADDFEA6-CFF3-4740-89EE-D68AD442B342}
	EndGlobalSection
EndGlobal
